// !$*UTF8*$!
{
	archiveVersion = 1;
	classes = {
	};
	objectVersion = 56;
	objects = {

/* Begin PBXBuildFile section */
		1266B2DC28FF5CDE00C43ECA /* bruteForcerCredentialsManagerTests.swift in Sources */ = {isa = PBXBuildFile; fileRef = 1266B2DB28FF5CDE00C43ECA /* bruteForcerCredentialsManagerTests.swift */; };
		1266B2DF2900056000C43ECA /* BasicAuthenticationCommand.swift in Sources */ = {isa = PBXBuildFile; fileRef = 1266B2DE2900056000C43ECA /* BasicAuthenticationCommand.swift */; };
		1266B2E12900058E00C43ECA /* Command.swift in Sources */ = {isa = PBXBuildFile; fileRef = 1266B2E02900058E00C43ECA /* Command.swift */; };
		1266B2E42901FD4A00C43ECA /* LoginAttempt.swift in Sources */ = {isa = PBXBuildFile; fileRef = 1266B2E32901FD4A00C43ECA /* LoginAttempt.swift */; };
		129B66E928FDE0180057790A /* AppDelegate.swift in Sources */ = {isa = PBXBuildFile; fileRef = 129B66E828FDE0180057790A /* AppDelegate.swift */; };
		129B66EB28FDE0180057790A /* SceneDelegate.swift in Sources */ = {isa = PBXBuildFile; fileRef = 129B66EA28FDE0180057790A /* SceneDelegate.swift */; };
		129B66F228FDE01A0057790A /* Assets.xcassets in Resources */ = {isa = PBXBuildFile; fileRef = 129B66F128FDE01A0057790A /* Assets.xcassets */; };
		129B66F528FDE01A0057790A /* LaunchScreen.storyboard in Resources */ = {isa = PBXBuildFile; fileRef = 129B66F328FDE01A0057790A /* LaunchScreen.storyboard */; };
		129B670028FDE01A0057790A /* bruteForcerTests.swift in Sources */ = {isa = PBXBuildFile; fileRef = 129B66FF28FDE01A0057790A /* bruteForcerTests.swift */; };
		129B670A28FDE01A0057790A /* bruteForcerUITests.swift in Sources */ = {isa = PBXBuildFile; fileRef = 129B670928FDE01A0057790A /* bruteForcerUITests.swift */; };
		129B670C28FDE01A0057790A /* bruteForcerUITestsLaunchTests.swift in Sources */ = {isa = PBXBuildFile; fileRef = 129B670B28FDE01A0057790A /* bruteForcerUITestsLaunchTests.swift */; };
		12C0E8BD28FEA76A0076F9C1 /* AppComponent.swift in Sources */ = {isa = PBXBuildFile; fileRef = 12C0E89428FEA76A0076F9C1 /* AppComponent.swift */; };
		12C0E8BE28FEA76A0076F9C1 /* AppAssembly.swift in Sources */ = {isa = PBXBuildFile; fileRef = 12C0E89528FEA76A0076F9C1 /* AppAssembly.swift */; };
		12C0E8BF28FEA76A0076F9C1 /* RxBaseCoordinator.swift in Sources */ = {isa = PBXBuildFile; fileRef = 12C0E89828FEA76A0076F9C1 /* RxBaseCoordinator.swift */; };
		12C0E8C028FEA76A0076F9C1 /* ApplicationCoordinator.swift in Sources */ = {isa = PBXBuildFile; fileRef = 12C0E89928FEA76A0076F9C1 /* ApplicationCoordinator.swift */; };
		12C0E8C128FEA76A0076F9C1 /* FirstScreenViewModel.swift in Sources */ = {isa = PBXBuildFile; fileRef = 12C0E89C28FEA76A0076F9C1 /* FirstScreenViewModel.swift */; };
		12C0E8C228FEA76A0076F9C1 /* FirstScreenController.swift in Sources */ = {isa = PBXBuildFile; fileRef = 12C0E89D28FEA76A0076F9C1 /* FirstScreenController.swift */; };
		12C0E8C328FEA76A0076F9C1 /* FirstScreenController.xib in Resources */ = {isa = PBXBuildFile; fileRef = 12C0E89E28FEA76A0076F9C1 /* FirstScreenController.xib */; };
		12C0E8CD28FEA76A0076F9C1 /* ScreenFactory.swift in Sources */ = {isa = PBXBuildFile; fileRef = 12C0E8AC28FEA76A0076F9C1 /* ScreenFactory.swift */; };
		12C0E8CE28FEA76A0076F9C1 /* CoordinatorFactory.swift in Sources */ = {isa = PBXBuildFile; fileRef = 12C0E8AD28FEA76A0076F9C1 /* CoordinatorFactory.swift */; };
		12C0E8CF28FEA76A0076F9C1 /* RouterImp.swift in Sources */ = {isa = PBXBuildFile; fileRef = 12C0E8AF28FEA76A0076F9C1 /* RouterImp.swift */; };
		12C0E8D028FEA76A0076F9C1 /* Router.swift in Sources */ = {isa = PBXBuildFile; fileRef = 12C0E8B028FEA76A0076F9C1 /* Router.swift */; };
		12C0E8D128FEA76A0076F9C1 /* APIError.swift in Sources */ = {isa = PBXBuildFile; fileRef = 12C0E8B228FEA76A0076F9C1 /* APIError.swift */; };
		12C0E8D228FEA76A0076F9C1 /* AppConfiguration.swift in Sources */ = {isa = PBXBuildFile; fileRef = 12C0E8B328FEA76A0076F9C1 /* AppConfiguration.swift */; };
		12C0E8D328FEA76A0076F9C1 /* Logger.swift in Sources */ = {isa = PBXBuildFile; fileRef = 12C0E8B428FEA76A0076F9C1 /* Logger.swift */; };
		12C0E8D428FEA76A0076F9C1 /* KeyboardDismissableOnTap.swift in Sources */ = {isa = PBXBuildFile; fileRef = 12C0E8B528FEA76A0076F9C1 /* KeyboardDismissableOnTap.swift */; };
		12C0E8D528FEA76A0076F9C1 /* UIViewController+Extensions.swift in Sources */ = {isa = PBXBuildFile; fileRef = 12C0E8B728FEA76A0076F9C1 /* UIViewController+Extensions.swift */; };
		12C0E8D728FEA76A0076F9C1 /* BundleExtension.swift in Sources */ = {isa = PBXBuildFile; fileRef = 12C0E8B928FEA76A0076F9C1 /* BundleExtension.swift */; };
		12C0E8D828FEA76A0076F9C1 /* NSObject+Extensions.swift in Sources */ = {isa = PBXBuildFile; fileRef = 12C0E8BA28FEA76A0076F9C1 /* NSObject+Extensions.swift */; };
		12C0E8ED28FEA7780076F9C1 /* RestRequest.swift in Sources */ = {isa = PBXBuildFile; fileRef = 12C0E8DD28FEA7780076F9C1 /* RestRequest.swift */; };
		12C0E8EE28FEA7780076F9C1 /* RestManager.swift in Sources */ = {isa = PBXBuildFile; fileRef = 12C0E8DE28FEA7780076F9C1 /* RestManager.swift */; };
		12C0E8F528FEA7780076F9C1 /* ViewModelBase.swift in Sources */ = {isa = PBXBuildFile; fileRef = 12C0E8E928FEA7780076F9C1 /* ViewModelBase.swift */; };
		12C0E8F628FEA7780076F9C1 /* RxCapable.swift in Sources */ = {isa = PBXBuildFile; fileRef = 12C0E8EA28FEA7780076F9C1 /* RxCapable.swift */; };
		12C0E8F728FEA7780076F9C1 /* Presentable.swift in Sources */ = {isa = PBXBuildFile; fileRef = 12C0E8EB28FEA7780076F9C1 /* Presentable.swift */; };
		12C0E8F828FEA7780076F9C1 /* Loadable.swift in Sources */ = {isa = PBXBuildFile; fileRef = 12C0E8EC28FEA7780076F9C1 /* Loadable.swift */; };
		12C0E8FE28FEA7830076F9C1 /* RxViewController.swift in Sources */ = {isa = PBXBuildFile; fileRef = 12C0E8FA28FEA7830076F9C1 /* RxViewController.swift */; };
		12C0E90028FEA7830076F9C1 /* SpinnerViewController.swift in Sources */ = {isa = PBXBuildFile; fileRef = 12C0E8FC28FEA7830076F9C1 /* SpinnerViewController.swift */; };
		12C0E90328FF04F80076F9C1 /* StringMixer.swift in Sources */ = {isa = PBXBuildFile; fileRef = 12C0E90228FF04F80076F9C1 /* StringMixer.swift */; };
		12C0E90528FF0FC40076F9C1 /* String+Extension.swift in Sources */ = {isa = PBXBuildFile; fileRef = 12C0E90428FF0FC40076F9C1 /* String+Extension.swift */; };
		12C0E90728FF1AF00076F9C1 /* CredentialsManager.swift in Sources */ = {isa = PBXBuildFile; fileRef = 12C0E90628FF1AF00076F9C1 /* CredentialsManager.swift */; };
		538C9C441CD57BF7BA5149D5 /* Pods_BruteForcerProjects_bruteForcerTests.framework in Frameworks */ = {isa = PBXBuildFile; fileRef = ADB068D576F1B3EFA7384662 /* Pods_BruteForcerProjects_bruteForcerTests.framework */; };
		9F46C9DAF0F3C967CBB3A902 /* Pods_BruteForcerProjects_bruteForcer.framework in Frameworks */ = {isa = PBXBuildFile; fileRef = B78AC8B7E50BBD594AEFF732 /* Pods_BruteForcerProjects_bruteForcer.framework */; };
/* End PBXBuildFile section */

/* Begin PBXContainerItemProxy section */
		129B66FC28FDE01A0057790A /* PBXContainerItemProxy */ = {
			isa = PBXContainerItemProxy;
			containerPortal = 129B66DD28FDE0170057790A /* Project object */;
			proxyType = 1;
			remoteGlobalIDString = 129B66E428FDE0180057790A;
			remoteInfo = bruteForcer;
		};
		129B670628FDE01A0057790A /* PBXContainerItemProxy */ = {
			isa = PBXContainerItemProxy;
			containerPortal = 129B66DD28FDE0170057790A /* Project object */;
			proxyType = 1;
			remoteGlobalIDString = 129B66E428FDE0180057790A;
			remoteInfo = bruteForcer;
		};
/* End PBXContainerItemProxy section */

/* Begin PBXFileReference section */
		1266B2DB28FF5CDE00C43ECA /* bruteForcerCredentialsManagerTests.swift */ = {isa = PBXFileReference; fileEncoding = 4; lastKnownFileType = sourcecode.swift; path = bruteForcerCredentialsManagerTests.swift; sourceTree = "<group>"; };
		1266B2DE2900056000C43ECA /* BasicAuthenticationCommand.swift */ = {isa = PBXFileReference; lastKnownFileType = sourcecode.swift; path = BasicAuthenticationCommand.swift; sourceTree = "<group>"; };
		1266B2E02900058E00C43ECA /* Command.swift */ = {isa = PBXFileReference; fileEncoding = 4; lastKnownFileType = sourcecode.swift; path = Command.swift; sourceTree = "<group>"; };
		1266B2E32901FD4A00C43ECA /* LoginAttempt.swift */ = {isa = PBXFileReference; lastKnownFileType = sourcecode.swift; path = LoginAttempt.swift; sourceTree = "<group>"; };
		129B66E528FDE0180057790A /* bruteForcer.app */ = {isa = PBXFileReference; explicitFileType = wrapper.application; includeInIndex = 0; path = bruteForcer.app; sourceTree = BUILT_PRODUCTS_DIR; };
		129B66E828FDE0180057790A /* AppDelegate.swift */ = {isa = PBXFileReference; lastKnownFileType = sourcecode.swift; path = AppDelegate.swift; sourceTree = "<group>"; };
		129B66EA28FDE0180057790A /* SceneDelegate.swift */ = {isa = PBXFileReference; lastKnownFileType = sourcecode.swift; path = SceneDelegate.swift; sourceTree = "<group>"; };
		129B66F128FDE01A0057790A /* Assets.xcassets */ = {isa = PBXFileReference; lastKnownFileType = folder.assetcatalog; path = Assets.xcassets; sourceTree = "<group>"; };
		129B66F428FDE01A0057790A /* Base */ = {isa = PBXFileReference; lastKnownFileType = file.storyboard; name = Base; path = Base.lproj/LaunchScreen.storyboard; sourceTree = "<group>"; };
		129B66F628FDE01A0057790A /* Info.plist */ = {isa = PBXFileReference; lastKnownFileType = text.plist.xml; path = Info.plist; sourceTree = "<group>"; };
		129B66FB28FDE01A0057790A /* bruteForcerTests.xctest */ = {isa = PBXFileReference; explicitFileType = wrapper.cfbundle; includeInIndex = 0; path = bruteForcerTests.xctest; sourceTree = BUILT_PRODUCTS_DIR; };
		129B66FF28FDE01A0057790A /* bruteForcerTests.swift */ = {isa = PBXFileReference; lastKnownFileType = sourcecode.swift; path = bruteForcerTests.swift; sourceTree = "<group>"; };
		129B670528FDE01A0057790A /* bruteForcerUITests.xctest */ = {isa = PBXFileReference; explicitFileType = wrapper.cfbundle; includeInIndex = 0; path = bruteForcerUITests.xctest; sourceTree = BUILT_PRODUCTS_DIR; };
		129B670928FDE01A0057790A /* bruteForcerUITests.swift */ = {isa = PBXFileReference; lastKnownFileType = sourcecode.swift; path = bruteForcerUITests.swift; sourceTree = "<group>"; };
		129B670B28FDE01A0057790A /* bruteForcerUITestsLaunchTests.swift */ = {isa = PBXFileReference; lastKnownFileType = sourcecode.swift; path = bruteForcerUITestsLaunchTests.swift; sourceTree = "<group>"; };
		12C0E89428FEA76A0076F9C1 /* AppComponent.swift */ = {isa = PBXFileReference; fileEncoding = 4; lastKnownFileType = sourcecode.swift; path = AppComponent.swift; sourceTree = "<group>"; };
		12C0E89528FEA76A0076F9C1 /* AppAssembly.swift */ = {isa = PBXFileReference; fileEncoding = 4; lastKnownFileType = sourcecode.swift; path = AppAssembly.swift; sourceTree = "<group>"; };
		12C0E89828FEA76A0076F9C1 /* RxBaseCoordinator.swift */ = {isa = PBXFileReference; fileEncoding = 4; lastKnownFileType = sourcecode.swift; path = RxBaseCoordinator.swift; sourceTree = "<group>"; };
		12C0E89928FEA76A0076F9C1 /* ApplicationCoordinator.swift */ = {isa = PBXFileReference; fileEncoding = 4; lastKnownFileType = sourcecode.swift; path = ApplicationCoordinator.swift; sourceTree = "<group>"; };
		12C0E89C28FEA76A0076F9C1 /* FirstScreenViewModel.swift */ = {isa = PBXFileReference; fileEncoding = 4; lastKnownFileType = sourcecode.swift; path = FirstScreenViewModel.swift; sourceTree = "<group>"; };
		12C0E89D28FEA76A0076F9C1 /* FirstScreenController.swift */ = {isa = PBXFileReference; fileEncoding = 4; lastKnownFileType = sourcecode.swift; path = FirstScreenController.swift; sourceTree = "<group>"; };
		12C0E89E28FEA76A0076F9C1 /* FirstScreenController.xib */ = {isa = PBXFileReference; fileEncoding = 4; lastKnownFileType = file.xib; path = FirstScreenController.xib; sourceTree = "<group>"; };
		12C0E8AC28FEA76A0076F9C1 /* ScreenFactory.swift */ = {isa = PBXFileReference; fileEncoding = 4; lastKnownFileType = sourcecode.swift; path = ScreenFactory.swift; sourceTree = "<group>"; };
		12C0E8AD28FEA76A0076F9C1 /* CoordinatorFactory.swift */ = {isa = PBXFileReference; fileEncoding = 4; lastKnownFileType = sourcecode.swift; path = CoordinatorFactory.swift; sourceTree = "<group>"; };
		12C0E8AF28FEA76A0076F9C1 /* RouterImp.swift */ = {isa = PBXFileReference; fileEncoding = 4; lastKnownFileType = sourcecode.swift; path = RouterImp.swift; sourceTree = "<group>"; };
		12C0E8B028FEA76A0076F9C1 /* Router.swift */ = {isa = PBXFileReference; fileEncoding = 4; lastKnownFileType = sourcecode.swift; path = Router.swift; sourceTree = "<group>"; };
		12C0E8B228FEA76A0076F9C1 /* APIError.swift */ = {isa = PBXFileReference; fileEncoding = 4; lastKnownFileType = sourcecode.swift; path = APIError.swift; sourceTree = "<group>"; };
		12C0E8B328FEA76A0076F9C1 /* AppConfiguration.swift */ = {isa = PBXFileReference; fileEncoding = 4; lastKnownFileType = sourcecode.swift; path = AppConfiguration.swift; sourceTree = "<group>"; };
		12C0E8B428FEA76A0076F9C1 /* Logger.swift */ = {isa = PBXFileReference; fileEncoding = 4; lastKnownFileType = sourcecode.swift; path = Logger.swift; sourceTree = "<group>"; };
		12C0E8B528FEA76A0076F9C1 /* KeyboardDismissableOnTap.swift */ = {isa = PBXFileReference; fileEncoding = 4; lastKnownFileType = sourcecode.swift; path = KeyboardDismissableOnTap.swift; sourceTree = "<group>"; };
		12C0E8B728FEA76A0076F9C1 /* UIViewController+Extensions.swift */ = {isa = PBXFileReference; fileEncoding = 4; lastKnownFileType = sourcecode.swift; path = "UIViewController+Extensions.swift"; sourceTree = "<group>"; };
		12C0E8B928FEA76A0076F9C1 /* BundleExtension.swift */ = {isa = PBXFileReference; fileEncoding = 4; lastKnownFileType = sourcecode.swift; path = BundleExtension.swift; sourceTree = "<group>"; };
		12C0E8BA28FEA76A0076F9C1 /* NSObject+Extensions.swift */ = {isa = PBXFileReference; fileEncoding = 4; lastKnownFileType = sourcecode.swift; path = "NSObject+Extensions.swift"; sourceTree = "<group>"; };
		12C0E8DD28FEA7780076F9C1 /* RestRequest.swift */ = {isa = PBXFileReference; fileEncoding = 4; lastKnownFileType = sourcecode.swift; path = RestRequest.swift; sourceTree = "<group>"; };
		12C0E8DE28FEA7780076F9C1 /* RestManager.swift */ = {isa = PBXFileReference; fileEncoding = 4; lastKnownFileType = sourcecode.swift; path = RestManager.swift; sourceTree = "<group>"; };
		12C0E8E928FEA7780076F9C1 /* ViewModelBase.swift */ = {isa = PBXFileReference; fileEncoding = 4; lastKnownFileType = sourcecode.swift; path = ViewModelBase.swift; sourceTree = "<group>"; };
		12C0E8EA28FEA7780076F9C1 /* RxCapable.swift */ = {isa = PBXFileReference; fileEncoding = 4; lastKnownFileType = sourcecode.swift; path = RxCapable.swift; sourceTree = "<group>"; };
		12C0E8EB28FEA7780076F9C1 /* Presentable.swift */ = {isa = PBXFileReference; fileEncoding = 4; lastKnownFileType = sourcecode.swift; path = Presentable.swift; sourceTree = "<group>"; };
		12C0E8EC28FEA7780076F9C1 /* Loadable.swift */ = {isa = PBXFileReference; fileEncoding = 4; lastKnownFileType = sourcecode.swift; path = Loadable.swift; sourceTree = "<group>"; };
		12C0E8FA28FEA7830076F9C1 /* RxViewController.swift */ = {isa = PBXFileReference; fileEncoding = 4; lastKnownFileType = sourcecode.swift; path = RxViewController.swift; sourceTree = "<group>"; };
		12C0E8FC28FEA7830076F9C1 /* SpinnerViewController.swift */ = {isa = PBXFileReference; fileEncoding = 4; lastKnownFileType = sourcecode.swift; path = SpinnerViewController.swift; sourceTree = "<group>"; };
		12C0E90228FF04F80076F9C1 /* StringMixer.swift */ = {isa = PBXFileReference; lastKnownFileType = sourcecode.swift; path = StringMixer.swift; sourceTree = "<group>"; };
		12C0E90428FF0FC40076F9C1 /* String+Extension.swift */ = {isa = PBXFileReference; lastKnownFileType = sourcecode.swift; path = "String+Extension.swift"; sourceTree = "<group>"; };
		12C0E90628FF1AF00076F9C1 /* CredentialsManager.swift */ = {isa = PBXFileReference; lastKnownFileType = sourcecode.swift; path = CredentialsManager.swift; sourceTree = "<group>"; };
		1BFCB923487D704414F357D0 /* Pods-BruteForcerProjects-bruteForcerTests.debug.xcconfig */ = {isa = PBXFileReference; includeInIndex = 1; lastKnownFileType = text.xcconfig; name = "Pods-BruteForcerProjects-bruteForcerTests.debug.xcconfig"; path = "Target Support Files/Pods-BruteForcerProjects-bruteForcerTests/Pods-BruteForcerProjects-bruteForcerTests.debug.xcconfig"; sourceTree = "<group>"; };
		21AD7B4FBCBCEE3451924CDF /* Pods-BruteForcerProjects-bruteForcerTests.release.xcconfig */ = {isa = PBXFileReference; includeInIndex = 1; lastKnownFileType = text.xcconfig; name = "Pods-BruteForcerProjects-bruteForcerTests.release.xcconfig"; path = "Target Support Files/Pods-BruteForcerProjects-bruteForcerTests/Pods-BruteForcerProjects-bruteForcerTests.release.xcconfig"; sourceTree = "<group>"; };
		A414DC49C42816DA690384CE /* Pods-BruteForcerProjects-bruteForcer.debug.xcconfig */ = {isa = PBXFileReference; includeInIndex = 1; lastKnownFileType = text.xcconfig; name = "Pods-BruteForcerProjects-bruteForcer.debug.xcconfig"; path = "Target Support Files/Pods-BruteForcerProjects-bruteForcer/Pods-BruteForcerProjects-bruteForcer.debug.xcconfig"; sourceTree = "<group>"; };
		ADB068D576F1B3EFA7384662 /* Pods_BruteForcerProjects_bruteForcerTests.framework */ = {isa = PBXFileReference; explicitFileType = wrapper.framework; includeInIndex = 0; path = Pods_BruteForcerProjects_bruteForcerTests.framework; sourceTree = BUILT_PRODUCTS_DIR; };
		B78AC8B7E50BBD594AEFF732 /* Pods_BruteForcerProjects_bruteForcer.framework */ = {isa = PBXFileReference; explicitFileType = wrapper.framework; includeInIndex = 0; path = Pods_BruteForcerProjects_bruteForcer.framework; sourceTree = BUILT_PRODUCTS_DIR; };
		C9F41CC460853688370C6BDC /* Pods-BruteForcerProjects-bruteForcer.release.xcconfig */ = {isa = PBXFileReference; includeInIndex = 1; lastKnownFileType = text.xcconfig; name = "Pods-BruteForcerProjects-bruteForcer.release.xcconfig"; path = "Target Support Files/Pods-BruteForcerProjects-bruteForcer/Pods-BruteForcerProjects-bruteForcer.release.xcconfig"; sourceTree = "<group>"; };
/* End PBXFileReference section */

/* Begin PBXFrameworksBuildPhase section */
		129B66E228FDE0180057790A /* Frameworks */ = {
			isa = PBXFrameworksBuildPhase;
			buildActionMask = 2147483647;
			files = (
				9F46C9DAF0F3C967CBB3A902 /* Pods_BruteForcerProjects_bruteForcer.framework in Frameworks */,
			);
			runOnlyForDeploymentPostprocessing = 0;
		};
		129B66F828FDE01A0057790A /* Frameworks */ = {
			isa = PBXFrameworksBuildPhase;
			buildActionMask = 2147483647;
			files = (
				538C9C441CD57BF7BA5149D5 /* Pods_BruteForcerProjects_bruteForcerTests.framework in Frameworks */,
			);
			runOnlyForDeploymentPostprocessing = 0;
		};
		129B670228FDE01A0057790A /* Frameworks */ = {
			isa = PBXFrameworksBuildPhase;
			buildActionMask = 2147483647;
			files = (
			);
			runOnlyForDeploymentPostprocessing = 0;
		};
/* End PBXFrameworksBuildPhase section */

/* Begin PBXGroup section */
		1266B2DD2900053D00C43ECA /* Commands */ = {
			isa = PBXGroup;
			children = (
				1266B2DE2900056000C43ECA /* BasicAuthenticationCommand.swift */,
			);
			path = Commands;
			sourceTree = "<group>";
		};
		1266B2E22901FD2D00C43ECA /* Operations */ = {
			isa = PBXGroup;
			children = (
				1266B2E32901FD4A00C43ECA /* LoginAttempt.swift */,
			);
			path = Operations;
			sourceTree = "<group>";
		};
		129B66DC28FDE0170057790A = {
			isa = PBXGroup;
			children = (
				129B66E728FDE0180057790A /* bruteForcer */,
				129B66FE28FDE01A0057790A /* bruteForcerTests */,
				129B670828FDE01A0057790A /* bruteForcerUITests */,
				129B66E628FDE0180057790A /* Products */,
				6DC902502BBD163EF0262635 /* Pods */,
				8C8A4334FC4B93D2A5F7D2FA /* Frameworks */,
			);
			sourceTree = "<group>";
		};
		129B66E628FDE0180057790A /* Products */ = {
			isa = PBXGroup;
			children = (
				129B66E528FDE0180057790A /* bruteForcer.app */,
				129B66FB28FDE01A0057790A /* bruteForcerTests.xctest */,
				129B670528FDE01A0057790A /* bruteForcerUITests.xctest */,
			);
			name = Products;
			sourceTree = "<group>";
		};
		129B66E728FDE0180057790A /* bruteForcer */ = {
			isa = PBXGroup;
			children = (
				1266B2E22901FD2D00C43ECA /* Operations */,
				1266B2DD2900053D00C43ECA /* Commands */,
				12C0E8F928FEA7830076F9C1 /* UIControls */,
				12C0E8DB28FEA7780076F9C1 /* Managers */,
				12C0E8E828FEA7780076F9C1 /* Protocols */,
				12C0E89628FEA76A0076F9C1 /* Coordinators */,
				12C0E89328FEA76A0076F9C1 /* Di */,
				12C0E8B628FEA76A0076F9C1 /* Extensions */,
				12C0E8B128FEA76A0076F9C1 /* Helpers */,
				129B66E828FDE0180057790A /* AppDelegate.swift */,
				129B66EA28FDE0180057790A /* SceneDelegate.swift */,
				129B66F128FDE01A0057790A /* Assets.xcassets */,
				129B66F328FDE01A0057790A /* LaunchScreen.storyboard */,
				129B66F628FDE01A0057790A /* Info.plist */,
			);
			path = bruteForcer;
			sourceTree = "<group>";
		};
		129B66FE28FDE01A0057790A /* bruteForcerTests */ = {
			isa = PBXGroup;
			children = (
				1266B2DB28FF5CDE00C43ECA /* bruteForcerCredentialsManagerTests.swift */,
				129B66FF28FDE01A0057790A /* bruteForcerTests.swift */,
			);
			path = bruteForcerTests;
			sourceTree = "<group>";
		};
		129B670828FDE01A0057790A /* bruteForcerUITests */ = {
			isa = PBXGroup;
			children = (
				129B670928FDE01A0057790A /* bruteForcerUITests.swift */,
				129B670B28FDE01A0057790A /* bruteForcerUITestsLaunchTests.swift */,
			);
			path = bruteForcerUITests;
			sourceTree = "<group>";
		};
		12C0E89328FEA76A0076F9C1 /* Di */ = {
			isa = PBXGroup;
			children = (
				12C0E89428FEA76A0076F9C1 /* AppComponent.swift */,
				12C0E89528FEA76A0076F9C1 /* AppAssembly.swift */,
			);
			path = Di;
			sourceTree = "<group>";
		};
		12C0E89628FEA76A0076F9C1 /* Coordinators */ = {
			isa = PBXGroup;
			children = (
				12C0E89728FEA76A0076F9C1 /* Parents */,
				12C0E89928FEA76A0076F9C1 /* ApplicationCoordinator.swift */,
				12C0E89A28FEA76A0076F9C1 /* Screens */,
				12C0E8AC28FEA76A0076F9C1 /* ScreenFactory.swift */,
				12C0E8AD28FEA76A0076F9C1 /* CoordinatorFactory.swift */,
				12C0E8AE28FEA76A0076F9C1 /* Router */,
			);
			path = Coordinators;
			sourceTree = "<group>";
		};
		12C0E89728FEA76A0076F9C1 /* Parents */ = {
			isa = PBXGroup;
			children = (
				12C0E89828FEA76A0076F9C1 /* RxBaseCoordinator.swift */,
			);
			path = Parents;
			sourceTree = "<group>";
		};
		12C0E89A28FEA76A0076F9C1 /* Screens */ = {
			isa = PBXGroup;
			children = (
				12C0E89B28FEA76A0076F9C1 /* FirstScreen */,
			);
			path = Screens;
			sourceTree = "<group>";
		};
		12C0E89B28FEA76A0076F9C1 /* FirstScreen */ = {
			isa = PBXGroup;
			children = (
				12C0E89C28FEA76A0076F9C1 /* FirstScreenViewModel.swift */,
				12C0E89D28FEA76A0076F9C1 /* FirstScreenController.swift */,
				12C0E89E28FEA76A0076F9C1 /* FirstScreenController.xib */,
			);
			path = FirstScreen;
			sourceTree = "<group>";
		};
		12C0E8AE28FEA76A0076F9C1 /* Router */ = {
			isa = PBXGroup;
			children = (
				12C0E8AF28FEA76A0076F9C1 /* RouterImp.swift */,
				12C0E8B028FEA76A0076F9C1 /* Router.swift */,
			);
			path = Router;
			sourceTree = "<group>";
		};
		12C0E8B128FEA76A0076F9C1 /* Helpers */ = {
			isa = PBXGroup;
			children = (
				1266B2E02900058E00C43ECA /* Command.swift */,
				12C0E8B228FEA76A0076F9C1 /* APIError.swift */,
				12C0E8B328FEA76A0076F9C1 /* AppConfiguration.swift */,
				12C0E8B428FEA76A0076F9C1 /* Logger.swift */,
				12C0E8B528FEA76A0076F9C1 /* KeyboardDismissableOnTap.swift */,
				12C0E90228FF04F80076F9C1 /* StringMixer.swift */,
			);
			path = Helpers;
			sourceTree = "<group>";
		};
		12C0E8B628FEA76A0076F9C1 /* Extensions */ = {
			isa = PBXGroup;
			children = (
				12C0E8B728FEA76A0076F9C1 /* UIViewController+Extensions.swift */,
				12C0E8B928FEA76A0076F9C1 /* BundleExtension.swift */,
				12C0E8BA28FEA76A0076F9C1 /* NSObject+Extensions.swift */,
				12C0E90428FF0FC40076F9C1 /* String+Extension.swift */,
			);
			path = Extensions;
			sourceTree = "<group>";
		};
		12C0E8DB28FEA7780076F9C1 /* Managers */ = {
			isa = PBXGroup;
			children = (
				12C0E8DC28FEA7780076F9C1 /* NetworkManager */,
				12C0E90628FF1AF00076F9C1 /* CredentialsManager.swift */,
			);
			path = Managers;
			sourceTree = "<group>";
		};
		12C0E8DC28FEA7780076F9C1 /* NetworkManager */ = {
			isa = PBXGroup;
			children = (
				12C0E8DD28FEA7780076F9C1 /* RestRequest.swift */,
				12C0E8DE28FEA7780076F9C1 /* RestManager.swift */,
			);
			path = NetworkManager;
			sourceTree = "<group>";
		};
		12C0E8E828FEA7780076F9C1 /* Protocols */ = {
			isa = PBXGroup;
			children = (
				12C0E8E928FEA7780076F9C1 /* ViewModelBase.swift */,
				12C0E8EA28FEA7780076F9C1 /* RxCapable.swift */,
				12C0E8EB28FEA7780076F9C1 /* Presentable.swift */,
				12C0E8EC28FEA7780076F9C1 /* Loadable.swift */,
			);
			path = Protocols;
			sourceTree = "<group>";
		};
		12C0E8F928FEA7830076F9C1 /* UIControls */ = {
			isa = PBXGroup;
			children = (
				12C0E8FA28FEA7830076F9C1 /* RxViewController.swift */,
				12C0E8FC28FEA7830076F9C1 /* SpinnerViewController.swift */,
			);
			path = UIControls;
			sourceTree = "<group>";
		};
		6DC902502BBD163EF0262635 /* Pods */ = {
			isa = PBXGroup;
			children = (
				A414DC49C42816DA690384CE /* Pods-BruteForcerProjects-bruteForcer.debug.xcconfig */,
				C9F41CC460853688370C6BDC /* Pods-BruteForcerProjects-bruteForcer.release.xcconfig */,
				1BFCB923487D704414F357D0 /* Pods-BruteForcerProjects-bruteForcerTests.debug.xcconfig */,
				21AD7B4FBCBCEE3451924CDF /* Pods-BruteForcerProjects-bruteForcerTests.release.xcconfig */,
			);
			path = Pods;
			sourceTree = "<group>";
		};
		8C8A4334FC4B93D2A5F7D2FA /* Frameworks */ = {
			isa = PBXGroup;
			children = (
				B78AC8B7E50BBD594AEFF732 /* Pods_BruteForcerProjects_bruteForcer.framework */,
				ADB068D576F1B3EFA7384662 /* Pods_BruteForcerProjects_bruteForcerTests.framework */,
			);
			name = Frameworks;
			sourceTree = "<group>";
		};
/* End PBXGroup section */

/* Begin PBXNativeTarget section */
		129B66E428FDE0180057790A /* bruteForcer */ = {
			isa = PBXNativeTarget;
			buildConfigurationList = 129B670F28FDE01A0057790A /* Build configuration list for PBXNativeTarget "bruteForcer" */;
			buildPhases = (
				FDE596441A00A67C344DCD7C /* [CP] Check Pods Manifest.lock */,
				129B66E128FDE0180057790A /* Sources */,
				129B66E228FDE0180057790A /* Frameworks */,
				129B66E328FDE0180057790A /* Resources */,
				54A7B5323DBDFD7DAD9482DD /* [CP] Embed Pods Frameworks */,
			);
			buildRules = (
			);
			dependencies = (
			);
			name = bruteForcer;
			productName = bruteForcer;
			productReference = 129B66E528FDE0180057790A /* bruteForcer.app */;
			productType = "com.apple.product-type.application";
		};
		129B66FA28FDE01A0057790A /* bruteForcerTests */ = {
			isa = PBXNativeTarget;
			buildConfigurationList = 129B671228FDE01A0057790A /* Build configuration list for PBXNativeTarget "bruteForcerTests" */;
			buildPhases = (
				DB7B8F56A5B6B0233AB79E1C /* [CP] Check Pods Manifest.lock */,
				129B66F728FDE01A0057790A /* Sources */,
				129B66F828FDE01A0057790A /* Frameworks */,
				129B66F928FDE01A0057790A /* Resources */,
				38A953E30BF87C5A31AF580D /* [CP] Embed Pods Frameworks */,
			);
			buildRules = (
			);
			dependencies = (
				129B66FD28FDE01A0057790A /* PBXTargetDependency */,
			);
			name = bruteForcerTests;
			productName = bruteForcerTests;
			productReference = 129B66FB28FDE01A0057790A /* bruteForcerTests.xctest */;
			productType = "com.apple.product-type.bundle.unit-test";
		};
		129B670428FDE01A0057790A /* bruteForcerUITests */ = {
			isa = PBXNativeTarget;
			buildConfigurationList = 129B671528FDE01A0057790A /* Build configuration list for PBXNativeTarget "bruteForcerUITests" */;
			buildPhases = (
				129B670128FDE01A0057790A /* Sources */,
				129B670228FDE01A0057790A /* Frameworks */,
				129B670328FDE01A0057790A /* Resources */,
			);
			buildRules = (
			);
			dependencies = (
				129B670728FDE01A0057790A /* PBXTargetDependency */,
			);
			name = bruteForcerUITests;
			productName = bruteForcerUITests;
			productReference = 129B670528FDE01A0057790A /* bruteForcerUITests.xctest */;
			productType = "com.apple.product-type.bundle.ui-testing";
		};
/* End PBXNativeTarget section */

/* Begin PBXProject section */
		129B66DD28FDE0170057790A /* Project object */ = {
			isa = PBXProject;
			attributes = {
				BuildIndependentTargetsInParallel = 1;
				LastSwiftUpdateCheck = 1400;
				LastUpgradeCheck = 1400;
				TargetAttributes = {
					129B66E428FDE0180057790A = {
						CreatedOnToolsVersion = 14.0.1;
					};
					129B66FA28FDE01A0057790A = {
						CreatedOnToolsVersion = 14.0.1;
						TestTargetID = 129B66E428FDE0180057790A;
					};
					129B670428FDE01A0057790A = {
						CreatedOnToolsVersion = 14.0.1;
						TestTargetID = 129B66E428FDE0180057790A;
					};
				};
			};
			buildConfigurationList = 129B66E028FDE0170057790A /* Build configuration list for PBXProject "bruteForcer" */;
			compatibilityVersion = "Xcode 14.0";
			developmentRegion = en;
			hasScannedForEncodings = 0;
			knownRegions = (
				en,
				Base,
			);
			mainGroup = 129B66DC28FDE0170057790A;
			productRefGroup = 129B66E628FDE0180057790A /* Products */;
			projectDirPath = "";
			projectRoot = "";
			targets = (
				129B66E428FDE0180057790A /* bruteForcer */,
				129B66FA28FDE01A0057790A /* bruteForcerTests */,
				129B670428FDE01A0057790A /* bruteForcerUITests */,
			);
		};
/* End PBXProject section */

/* Begin PBXResourcesBuildPhase section */
		129B66E328FDE0180057790A /* Resources */ = {
			isa = PBXResourcesBuildPhase;
			buildActionMask = 2147483647;
			files = (
				129B66F528FDE01A0057790A /* LaunchScreen.storyboard in Resources */,
				129B66F228FDE01A0057790A /* Assets.xcassets in Resources */,
				12C0E8C328FEA76A0076F9C1 /* FirstScreenController.xib in Resources */,
			);
			runOnlyForDeploymentPostprocessing = 0;
		};
		129B66F928FDE01A0057790A /* Resources */ = {
			isa = PBXResourcesBuildPhase;
			buildActionMask = 2147483647;
			files = (
			);
			runOnlyForDeploymentPostprocessing = 0;
		};
		129B670328FDE01A0057790A /* Resources */ = {
			isa = PBXResourcesBuildPhase;
			buildActionMask = 2147483647;
			files = (
			);
			runOnlyForDeploymentPostprocessing = 0;
		};
/* End PBXResourcesBuildPhase section */

/* Begin PBXShellScriptBuildPhase section */
		38A953E30BF87C5A31AF580D /* [CP] Embed Pods Frameworks */ = {
			isa = PBXShellScriptBuildPhase;
			buildActionMask = 2147483647;
			files = (
			);
			inputFileListPaths = (
				"${PODS_ROOT}/Target Support Files/Pods-BruteForcerProjects-bruteForcerTests/Pods-BruteForcerProjects-bruteForcerTests-frameworks-${CONFIGURATION}-input-files.xcfilelist",
			);
			name = "[CP] Embed Pods Frameworks";
			outputFileListPaths = (
				"${PODS_ROOT}/Target Support Files/Pods-BruteForcerProjects-bruteForcerTests/Pods-BruteForcerProjects-bruteForcerTests-frameworks-${CONFIGURATION}-output-files.xcfilelist",
			);
			runOnlyForDeploymentPostprocessing = 0;
			shellPath = /bin/sh;
			shellScript = "\"${PODS_ROOT}/Target Support Files/Pods-BruteForcerProjects-bruteForcerTests/Pods-BruteForcerProjects-bruteForcerTests-frameworks.sh\"\n";
			showEnvVarsInLog = 0;
		};
		54A7B5323DBDFD7DAD9482DD /* [CP] Embed Pods Frameworks */ = {
			isa = PBXShellScriptBuildPhase;
			buildActionMask = 2147483647;
			files = (
			);
			inputFileListPaths = (
				"${PODS_ROOT}/Target Support Files/Pods-BruteForcerProjects-bruteForcer/Pods-BruteForcerProjects-bruteForcer-frameworks-${CONFIGURATION}-input-files.xcfilelist",
			);
			name = "[CP] Embed Pods Frameworks";
			outputFileListPaths = (
				"${PODS_ROOT}/Target Support Files/Pods-BruteForcerProjects-bruteForcer/Pods-BruteForcerProjects-bruteForcer-frameworks-${CONFIGURATION}-output-files.xcfilelist",
			);
			runOnlyForDeploymentPostprocessing = 0;
			shellPath = /bin/sh;
			shellScript = "\"${PODS_ROOT}/Target Support Files/Pods-BruteForcerProjects-bruteForcer/Pods-BruteForcerProjects-bruteForcer-frameworks.sh\"\n";
			showEnvVarsInLog = 0;
		};
		DB7B8F56A5B6B0233AB79E1C /* [CP] Check Pods Manifest.lock */ = {
			isa = PBXShellScriptBuildPhase;
			buildActionMask = 2147483647;
			files = (
			);
			inputFileListPaths = (
			);
			inputPaths = (
				"${PODS_PODFILE_DIR_PATH}/Podfile.lock",
				"${PODS_ROOT}/Manifest.lock",
			);
			name = "[CP] Check Pods Manifest.lock";
			outputFileListPaths = (
			);
			outputPaths = (
				"$(DERIVED_FILE_DIR)/Pods-BruteForcerProjects-bruteForcerTests-checkManifestLockResult.txt",
			);
			runOnlyForDeploymentPostprocessing = 0;
			shellPath = /bin/sh;
			shellScript = "diff \"${PODS_PODFILE_DIR_PATH}/Podfile.lock\" \"${PODS_ROOT}/Manifest.lock\" > /dev/null\nif [ $? != 0 ] ; then\n    # print error to STDERR\n    echo \"error: The sandbox is not in sync with the Podfile.lock. Run 'pod install' or update your CocoaPods installation.\" >&2\n    exit 1\nfi\n# This output is used by Xcode 'outputs' to avoid re-running this script phase.\necho \"SUCCESS\" > \"${SCRIPT_OUTPUT_FILE_0}\"\n";
			showEnvVarsInLog = 0;
		};
		FDE596441A00A67C344DCD7C /* [CP] Check Pods Manifest.lock */ = {
			isa = PBXShellScriptBuildPhase;
			buildActionMask = 2147483647;
			files = (
			);
			inputFileListPaths = (
			);
			inputPaths = (
				"${PODS_PODFILE_DIR_PATH}/Podfile.lock",
				"${PODS_ROOT}/Manifest.lock",
			);
			name = "[CP] Check Pods Manifest.lock";
			outputFileListPaths = (
			);
			outputPaths = (
				"$(DERIVED_FILE_DIR)/Pods-BruteForcerProjects-bruteForcer-checkManifestLockResult.txt",
			);
			runOnlyForDeploymentPostprocessing = 0;
			shellPath = /bin/sh;
			shellScript = "diff \"${PODS_PODFILE_DIR_PATH}/Podfile.lock\" \"${PODS_ROOT}/Manifest.lock\" > /dev/null\nif [ $? != 0 ] ; then\n    # print error to STDERR\n    echo \"error: The sandbox is not in sync with the Podfile.lock. Run 'pod install' or update your CocoaPods installation.\" >&2\n    exit 1\nfi\n# This output is used by Xcode 'outputs' to avoid re-running this script phase.\necho \"SUCCESS\" > \"${SCRIPT_OUTPUT_FILE_0}\"\n";
			showEnvVarsInLog = 0;
		};
/* End PBXShellScriptBuildPhase section */

/* Begin PBXSourcesBuildPhase section */
		129B66E128FDE0180057790A /* Sources */ = {
			isa = PBXSourcesBuildPhase;
			buildActionMask = 2147483647;
			files = (
				12C0E90028FEA7830076F9C1 /* SpinnerViewController.swift in Sources */,
				12C0E8D828FEA76A0076F9C1 /* NSObject+Extensions.swift in Sources */,
				12C0E8F628FEA7780076F9C1 /* RxCapable.swift in Sources */,
				1266B2DF2900056000C43ECA /* BasicAuthenticationCommand.swift in Sources */,
				12C0E8D328FEA76A0076F9C1 /* Logger.swift in Sources */,
				12C0E8C228FEA76A0076F9C1 /* FirstScreenController.swift in Sources */,
				12C0E8D528FEA76A0076F9C1 /* UIViewController+Extensions.swift in Sources */,
				12C0E8FE28FEA7830076F9C1 /* RxViewController.swift in Sources */,
				12C0E8C128FEA76A0076F9C1 /* FirstScreenViewModel.swift in Sources */,
				12C0E8EE28FEA7780076F9C1 /* RestManager.swift in Sources */,
				1266B2E42901FD4A00C43ECA /* LoginAttempt.swift in Sources */,
				12C0E8D028FEA76A0076F9C1 /* Router.swift in Sources */,
				12C0E8CD28FEA76A0076F9C1 /* ScreenFactory.swift in Sources */,
				12C0E8ED28FEA7780076F9C1 /* RestRequest.swift in Sources */,
				12C0E8D428FEA76A0076F9C1 /* KeyboardDismissableOnTap.swift in Sources */,
				12C0E90728FF1AF00076F9C1 /* CredentialsManager.swift in Sources */,
				12C0E8F528FEA7780076F9C1 /* ViewModelBase.swift in Sources */,
				12C0E8F828FEA7780076F9C1 /* Loadable.swift in Sources */,
				12C0E8BD28FEA76A0076F9C1 /* AppComponent.swift in Sources */,
				12C0E8BE28FEA76A0076F9C1 /* AppAssembly.swift in Sources */,
				12C0E8D728FEA76A0076F9C1 /* BundleExtension.swift in Sources */,
				129B66E928FDE0180057790A /* AppDelegate.swift in Sources */,
				1266B2E12900058E00C43ECA /* Command.swift in Sources */,
				12C0E8D228FEA76A0076F9C1 /* AppConfiguration.swift in Sources */,
				129B66EB28FDE0180057790A /* SceneDelegate.swift in Sources */,
				12C0E8D128FEA76A0076F9C1 /* APIError.swift in Sources */,
				12C0E8F728FEA7780076F9C1 /* Presentable.swift in Sources */,
				12C0E8BF28FEA76A0076F9C1 /* RxBaseCoordinator.swift in Sources */,
				12C0E8C028FEA76A0076F9C1 /* ApplicationCoordinator.swift in Sources */,
				12C0E90328FF04F80076F9C1 /* StringMixer.swift in Sources */,
				12C0E8CF28FEA76A0076F9C1 /* RouterImp.swift in Sources */,
				12C0E8CE28FEA76A0076F9C1 /* CoordinatorFactory.swift in Sources */,
				12C0E90528FF0FC40076F9C1 /* String+Extension.swift in Sources */,
			);
			runOnlyForDeploymentPostprocessing = 0;
		};
		129B66F728FDE01A0057790A /* Sources */ = {
			isa = PBXSourcesBuildPhase;
			buildActionMask = 2147483647;
			files = (
				1266B2DC28FF5CDE00C43ECA /* bruteForcerCredentialsManagerTests.swift in Sources */,
				129B670028FDE01A0057790A /* bruteForcerTests.swift in Sources */,
			);
			runOnlyForDeploymentPostprocessing = 0;
		};
		129B670128FDE01A0057790A /* Sources */ = {
			isa = PBXSourcesBuildPhase;
			buildActionMask = 2147483647;
			files = (
				129B670C28FDE01A0057790A /* bruteForcerUITestsLaunchTests.swift in Sources */,
				129B670A28FDE01A0057790A /* bruteForcerUITests.swift in Sources */,
			);
			runOnlyForDeploymentPostprocessing = 0;
		};
/* End PBXSourcesBuildPhase section */

/* Begin PBXTargetDependency section */
		129B66FD28FDE01A0057790A /* PBXTargetDependency */ = {
			isa = PBXTargetDependency;
			target = 129B66E428FDE0180057790A /* bruteForcer */;
			targetProxy = 129B66FC28FDE01A0057790A /* PBXContainerItemProxy */;
		};
		129B670728FDE01A0057790A /* PBXTargetDependency */ = {
			isa = PBXTargetDependency;
			target = 129B66E428FDE0180057790A /* bruteForcer */;
			targetProxy = 129B670628FDE01A0057790A /* PBXContainerItemProxy */;
		};
/* End PBXTargetDependency section */

/* Begin PBXVariantGroup section */
		129B66F328FDE01A0057790A /* LaunchScreen.storyboard */ = {
			isa = PBXVariantGroup;
			children = (
				129B66F428FDE01A0057790A /* Base */,
			);
			name = LaunchScreen.storyboard;
			sourceTree = "<group>";
		};
/* End PBXVariantGroup section */

/* Begin XCBuildConfiguration section */
		129B670D28FDE01A0057790A /* Debug */ = {
			isa = XCBuildConfiguration;
			buildSettings = {
				ALWAYS_SEARCH_USER_PATHS = NO;
				CLANG_ANALYZER_NONNULL = YES;
				CLANG_ANALYZER_NUMBER_OBJECT_CONVERSION = YES_AGGRESSIVE;
				CLANG_CXX_LANGUAGE_STANDARD = "gnu++20";
				CLANG_ENABLE_MODULES = YES;
				CLANG_ENABLE_OBJC_ARC = YES;
				CLANG_ENABLE_OBJC_WEAK = YES;
				CLANG_WARN_BLOCK_CAPTURE_AUTORELEASING = YES;
				CLANG_WARN_BOOL_CONVERSION = YES;
				CLANG_WARN_COMMA = YES;
				CLANG_WARN_CONSTANT_CONVERSION = YES;
				CLANG_WARN_DEPRECATED_OBJC_IMPLEMENTATIONS = YES;
				CLANG_WARN_DIRECT_OBJC_ISA_USAGE = YES_ERROR;
				CLANG_WARN_DOCUMENTATION_COMMENTS = YES;
				CLANG_WARN_EMPTY_BODY = YES;
				CLANG_WARN_ENUM_CONVERSION = YES;
				CLANG_WARN_INFINITE_RECURSION = YES;
				CLANG_WARN_INT_CONVERSION = YES;
				CLANG_WARN_NON_LITERAL_NULL_CONVERSION = YES;
				CLANG_WARN_OBJC_IMPLICIT_RETAIN_SELF = YES;
				CLANG_WARN_OBJC_LITERAL_CONVERSION = YES;
				CLANG_WARN_OBJC_ROOT_CLASS = YES_ERROR;
				CLANG_WARN_QUOTED_INCLUDE_IN_FRAMEWORK_HEADER = YES;
				CLANG_WARN_RANGE_LOOP_ANALYSIS = YES;
				CLANG_WARN_STRICT_PROTOTYPES = YES;
				CLANG_WARN_SUSPICIOUS_MOVE = YES;
				CLANG_WARN_UNGUARDED_AVAILABILITY = YES_AGGRESSIVE;
				CLANG_WARN_UNREACHABLE_CODE = YES;
				CLANG_WARN__DUPLICATE_METHOD_MATCH = YES;
				COPY_PHASE_STRIP = NO;
				DEBUG_INFORMATION_FORMAT = dwarf;
				ENABLE_STRICT_OBJC_MSGSEND = YES;
				ENABLE_TESTABILITY = YES;
				GCC_C_LANGUAGE_STANDARD = gnu11;
				GCC_DYNAMIC_NO_PIC = NO;
				GCC_NO_COMMON_BLOCKS = YES;
				GCC_OPTIMIZATION_LEVEL = 0;
				GCC_PREPROCESSOR_DEFINITIONS = (
					"DEBUG=1",
					"$(inherited)",
				);
				GCC_WARN_64_TO_32_BIT_CONVERSION = YES;
				GCC_WARN_ABOUT_RETURN_TYPE = YES_ERROR;
				GCC_WARN_UNDECLARED_SELECTOR = YES;
				GCC_WARN_UNINITIALIZED_AUTOS = YES_AGGRESSIVE;
				GCC_WARN_UNUSED_FUNCTION = YES;
				GCC_WARN_UNUSED_VARIABLE = YES;
				IPHONEOS_DEPLOYMENT_TARGET = 16.0;
				MTL_ENABLE_DEBUG_INFO = INCLUDE_SOURCE;
				MTL_FAST_MATH = YES;
				ONLY_ACTIVE_ARCH = YES;
				SDKROOT = iphoneos;
				SWIFT_ACTIVE_COMPILATION_CONDITIONS = DEBUG;
				SWIFT_OPTIMIZATION_LEVEL = "-Onone";
			};
			name = Debug;
		};
		129B670E28FDE01A0057790A /* Release */ = {
			isa = XCBuildConfiguration;
			buildSettings = {
				ALWAYS_SEARCH_USER_PATHS = NO;
				CLANG_ANALYZER_NONNULL = YES;
				CLANG_ANALYZER_NUMBER_OBJECT_CONVERSION = YES_AGGRESSIVE;
				CLANG_CXX_LANGUAGE_STANDARD = "gnu++20";
				CLANG_ENABLE_MODULES = YES;
				CLANG_ENABLE_OBJC_ARC = YES;
				CLANG_ENABLE_OBJC_WEAK = YES;
				CLANG_WARN_BLOCK_CAPTURE_AUTORELEASING = YES;
				CLANG_WARN_BOOL_CONVERSION = YES;
				CLANG_WARN_COMMA = YES;
				CLANG_WARN_CONSTANT_CONVERSION = YES;
				CLANG_WARN_DEPRECATED_OBJC_IMPLEMENTATIONS = YES;
				CLANG_WARN_DIRECT_OBJC_ISA_USAGE = YES_ERROR;
				CLANG_WARN_DOCUMENTATION_COMMENTS = YES;
				CLANG_WARN_EMPTY_BODY = YES;
				CLANG_WARN_ENUM_CONVERSION = YES;
				CLANG_WARN_INFINITE_RECURSION = YES;
				CLANG_WARN_INT_CONVERSION = YES;
				CLANG_WARN_NON_LITERAL_NULL_CONVERSION = YES;
				CLANG_WARN_OBJC_IMPLICIT_RETAIN_SELF = YES;
				CLANG_WARN_OBJC_LITERAL_CONVERSION = YES;
				CLANG_WARN_OBJC_ROOT_CLASS = YES_ERROR;
				CLANG_WARN_QUOTED_INCLUDE_IN_FRAMEWORK_HEADER = YES;
				CLANG_WARN_RANGE_LOOP_ANALYSIS = YES;
				CLANG_WARN_STRICT_PROTOTYPES = YES;
				CLANG_WARN_SUSPICIOUS_MOVE = YES;
				CLANG_WARN_UNGUARDED_AVAILABILITY = YES_AGGRESSIVE;
				CLANG_WARN_UNREACHABLE_CODE = YES;
				CLANG_WARN__DUPLICATE_METHOD_MATCH = YES;
				COPY_PHASE_STRIP = NO;
				DEBUG_INFORMATION_FORMAT = "dwarf-with-dsym";
				ENABLE_NS_ASSERTIONS = NO;
				ENABLE_STRICT_OBJC_MSGSEND = YES;
				GCC_C_LANGUAGE_STANDARD = gnu11;
				GCC_NO_COMMON_BLOCKS = YES;
				GCC_WARN_64_TO_32_BIT_CONVERSION = YES;
				GCC_WARN_ABOUT_RETURN_TYPE = YES_ERROR;
				GCC_WARN_UNDECLARED_SELECTOR = YES;
				GCC_WARN_UNINITIALIZED_AUTOS = YES_AGGRESSIVE;
				GCC_WARN_UNUSED_FUNCTION = YES;
				GCC_WARN_UNUSED_VARIABLE = YES;
				IPHONEOS_DEPLOYMENT_TARGET = 16.0;
				MTL_ENABLE_DEBUG_INFO = NO;
				MTL_FAST_MATH = YES;
				SDKROOT = iphoneos;
				SWIFT_COMPILATION_MODE = wholemodule;
				SWIFT_OPTIMIZATION_LEVEL = "-O";
				VALIDATE_PRODUCT = YES;
			};
			name = Release;
		};
		129B671028FDE01A0057790A /* Debug */ = {
			isa = XCBuildConfiguration;
			baseConfigurationReference = A414DC49C42816DA690384CE /* Pods-BruteForcerProjects-bruteForcer.debug.xcconfig */;
			buildSettings = {
				ASSETCATALOG_COMPILER_APPICON_NAME = AppIcon;
				ASSETCATALOG_COMPILER_GLOBAL_ACCENT_COLOR_NAME = AccentColor;
				CODE_SIGN_STYLE = Automatic;
				CURRENT_PROJECT_VERSION = 1;
				GENERATE_INFOPLIST_FILE = YES;
				INFOPLIST_FILE = bruteForcer/Info.plist;
				INFOPLIST_KEY_UIApplicationSupportsIndirectInputEvents = YES;
				INFOPLIST_KEY_UILaunchStoryboardName = LaunchScreen;
				INFOPLIST_KEY_UISupportedInterfaceOrientations_iPad = "UIInterfaceOrientationPortrait UIInterfaceOrientationPortraitUpsideDown UIInterfaceOrientationLandscapeLeft UIInterfaceOrientationLandscapeRight";
				INFOPLIST_KEY_UISupportedInterfaceOrientations_iPhone = "UIInterfaceOrientationPortrait UIInterfaceOrientationLandscapeLeft UIInterfaceOrientationLandscapeRight";
				LD_RUNPATH_SEARCH_PATHS = (
					"$(inherited)",
					"@executable_path/Frameworks",
				);
				MARKETING_VERSION = 1.0;
				PRODUCT_BUNDLE_IDENTIFIER = solocez.bruteForcer;
				PRODUCT_NAME = "$(TARGET_NAME)";
				SUPPORTED_PLATFORMS = "iphoneos iphonesimulator";
				SUPPORTS_MACCATALYST = NO;
				SUPPORTS_MAC_DESIGNED_FOR_IPHONE_IPAD = NO;
				SWIFT_EMIT_LOC_STRINGS = YES;
				SWIFT_VERSION = 5.0;
				TARGETED_DEVICE_FAMILY = 1;
			};
			name = Debug;
		};
		129B671128FDE01A0057790A /* Release */ = {
			isa = XCBuildConfiguration;
			baseConfigurationReference = C9F41CC460853688370C6BDC /* Pods-BruteForcerProjects-bruteForcer.release.xcconfig */;
			buildSettings = {
				ASSETCATALOG_COMPILER_APPICON_NAME = AppIcon;
				ASSETCATALOG_COMPILER_GLOBAL_ACCENT_COLOR_NAME = AccentColor;
				CODE_SIGN_STYLE = Automatic;
				CURRENT_PROJECT_VERSION = 1;
				GENERATE_INFOPLIST_FILE = YES;
				INFOPLIST_FILE = bruteForcer/Info.plist;
				INFOPLIST_KEY_UIApplicationSupportsIndirectInputEvents = YES;
				INFOPLIST_KEY_UILaunchStoryboardName = LaunchScreen;
				INFOPLIST_KEY_UISupportedInterfaceOrientations_iPad = "UIInterfaceOrientationPortrait UIInterfaceOrientationPortraitUpsideDown UIInterfaceOrientationLandscapeLeft UIInterfaceOrientationLandscapeRight";
				INFOPLIST_KEY_UISupportedInterfaceOrientations_iPhone = "UIInterfaceOrientationPortrait UIInterfaceOrientationLandscapeLeft UIInterfaceOrientationLandscapeRight";
				LD_RUNPATH_SEARCH_PATHS = (
					"$(inherited)",
					"@executable_path/Frameworks",
				);
				MARKETING_VERSION = 1.0;
				PRODUCT_BUNDLE_IDENTIFIER = solocez.bruteForcer;
				PRODUCT_NAME = "$(TARGET_NAME)";
				SUPPORTED_PLATFORMS = "iphoneos iphonesimulator";
				SUPPORTS_MACCATALYST = NO;
				SUPPORTS_MAC_DESIGNED_FOR_IPHONE_IPAD = NO;
				SWIFT_EMIT_LOC_STRINGS = YES;
				SWIFT_VERSION = 5.0;
				TARGETED_DEVICE_FAMILY = 1;
			};
			name = Release;
		};
		129B671328FDE01A0057790A /* Debug */ = {
			isa = XCBuildConfiguration;
			baseConfigurationReference = 1BFCB923487D704414F357D0 /* Pods-BruteForcerProjects-bruteForcerTests.debug.xcconfig */;
			buildSettings = {
				ALWAYS_EMBED_SWIFT_STANDARD_LIBRARIES = YES;
				BUNDLE_LOADER = "$(TEST_HOST)";
				CODE_SIGN_STYLE = Automatic;
				CURRENT_PROJECT_VERSION = 1;
				GENERATE_INFOPLIST_FILE = YES;
				IPHONEOS_DEPLOYMENT_TARGET = 16.0;
				MARKETING_VERSION = 1.0;
				PRODUCT_BUNDLE_IDENTIFIER = solocez.bruteForcerTests;
				PRODUCT_NAME = "$(TARGET_NAME)";
				SWIFT_EMIT_LOC_STRINGS = NO;
				SWIFT_VERSION = 5.0;
				TARGETED_DEVICE_FAMILY = "1,2";
				TEST_HOST = "$(BUILT_PRODUCTS_DIR)/bruteForcer.app/$(BUNDLE_EXECUTABLE_FOLDER_PATH)/bruteForcer";
			};
			name = Debug;
		};
		129B671428FDE01A0057790A /* Release */ = {
			isa = XCBuildConfiguration;
			baseConfigurationReference = 21AD7B4FBCBCEE3451924CDF /* Pods-BruteForcerProjects-bruteForcerTests.release.xcconfig */;
			buildSettings = {
				ALWAYS_EMBED_SWIFT_STANDARD_LIBRARIES = YES;
				BUNDLE_LOADER = "$(TEST_HOST)";
				CODE_SIGN_STYLE = Automatic;
				CURRENT_PROJECT_VERSION = 1;
				GENERATE_INFOPLIST_FILE = YES;
				IPHONEOS_DEPLOYMENT_TARGET = 16.0;
				MARKETING_VERSION = 1.0;
				PRODUCT_BUNDLE_IDENTIFIER = solocez.bruteForcerTests;
				PRODUCT_NAME = "$(TARGET_NAME)";
				SWIFT_EMIT_LOC_STRINGS = NO;
				SWIFT_VERSION = 5.0;
				TARGETED_DEVICE_FAMILY = "1,2";
				TEST_HOST = "$(BUILT_PRODUCTS_DIR)/bruteForcer.app/$(BUNDLE_EXECUTABLE_FOLDER_PATH)/bruteForcer";
			};
			name = Release;
		};
		129B671628FDE01A0057790A /* Debug */ = {
			isa = XCBuildConfiguration;
			buildSettings = {
				ALWAYS_EMBED_SWIFT_STANDARD_LIBRARIES = YES;
				CODE_SIGN_STYLE = Automatic;
				CURRENT_PROJECT_VERSION = 1;
				GENERATE_INFOPLIST_FILE = YES;
				MARKETING_VERSION = 1.0;
				PRODUCT_BUNDLE_IDENTIFIER = solocez.bruteForcerUITests;
				PRODUCT_NAME = "$(TARGET_NAME)";
				SWIFT_EMIT_LOC_STRINGS = NO;
				SWIFT_VERSION = 5.0;
				TARGETED_DEVICE_FAMILY = "1,2";
				TEST_TARGET_NAME = bruteForcer;
			};
			name = Debug;
		};
		129B671728FDE01A0057790A /* Release */ = {
			isa = XCBuildConfiguration;
			buildSettings = {
				ALWAYS_EMBED_SWIFT_STANDARD_LIBRARIES = YES;
				CODE_SIGN_STYLE = Automatic;
				CURRENT_PROJECT_VERSION = 1;
				GENERATE_INFOPLIST_FILE = YES;
				MARKETING_VERSION = 1.0;
				PRODUCT_BUNDLE_IDENTIFIER = solocez.bruteForcerUITests;
				PRODUCT_NAME = "$(TARGET_NAME)";
				SWIFT_EMIT_LOC_STRINGS = NO;
				SWIFT_VERSION = 5.0;
				TARGETED_DEVICE_FAMILY = "1,2";
				TEST_TARGET_NAME = bruteForcer;
			};
			name = Release;
		};
/* End XCBuildConfiguration section */

/* Begin XCConfigurationList section */
		129B66E028FDE0170057790A /* Build configuration list for PBXProject "bruteForcer" */ = {
			isa = XCConfigurationList;
			buildConfigurations = (
				129B670D28FDE01A0057790A /* Debug */,
				129B670E28FDE01A0057790A /* Release */,
			);
			defaultConfigurationIsVisible = 0;
			defaultConfigurationName = Release;
		};
		129B670F28FDE01A0057790A /* Build configuration list for PBXNativeTarget "bruteForcer" */ = {
			isa = XCConfigurationList;
			buildConfigurations = (
				129B671028FDE01A0057790A /* Debug */,
				129B671128FDE01A0057790A /* Release */,
			);
			defaultConfigurationIsVisible = 0;
			defaultConfigurationName = Release;
		};
		129B671228FDE01A0057790A /* Build configuration list for PBXNativeTarget "bruteForcerTests" */ = {
			isa = XCConfigurationList;
			buildConfigurations = (
				129B671328FDE01A0057790A /* Debug */,
				129B671428FDE01A0057790A /* Release */,
			);
			defaultConfigurationIsVisible = 0;
			defaultConfigurationName = Release;
		};
		129B671528FDE01A0057790A /* Build configuration list for PBXNativeTarget "bruteForcerUITests" */ = {
			isa = XCConfigurationList;
			buildConfigurations = (
				129B671628FDE01A0057790A /* Debug */,
				129B671728FDE01A0057790A /* Release */,
			);
			defaultConfigurationIsVisible = 0;
			defaultConfigurationName = Release;
		};
/* End XCConfigurationList section */
	};
	rootObject = 129B66DD28FDE0170057790A /* Project object */;
}
